
Microsoft Visual Studio Solution File, Format Version 12.00
# Visual Studio 15
VisualStudioVersion = 15.0.28307.2017
MinimumVisualStudioVersion = 10.0.40219.1
Project("{FAE04EC0-301F-11D3-BF4B-00C04F79EFBC}") = "Banco_Amigo", "Banco_Amigo\Banco_Amigo.csproj", "{EB5AAFB5-8C9B-4A82-828B-EC7675BDF751}"
EndProject
Global
	GlobalSection(SolutionConfigurationPlatforms) = preSolution
		Debug|Any CPU = Debug|Any CPU
		Release|Any CPU = Release|Any CPU
	EndGlobalSection
	GlobalSection(ProjectConfigurationPlatforms) = postSolution
		{EB5AAFB5-8C9B-4A82-828B-EC7675BDF751}.Debug|Any CPU.ActiveCfg = Debug|Any CPU
		{EB5AAFB5-8C9B-4A82-828B-EC7675BDF751}.Debug|Any CPU.Build.0 = Debug|Any CPU
		{EB5AAFB5-8C9B-4A82-828B-EC7675BDF751}.Release|Any CPU.ActiveCfg = Release|Any CPU
		{EB5AAFB5-8C9B-4A82-828B-EC7675BDF751}.Release|Any CPU.Build.0 = Release|Any CPU
	EndGlobalSection
	GlobalSection(SolutionProperties) = preSolution
		HideSolutionNode = FALSE
	EndGlobalSection
	GlobalSection(ExtensibilityGlobals) = postSolution
		SolutionGuid = {E8466D83-BA4F-4BB5-94DA-A0D49B4E6B71}
	EndGlobalSection
EndGlobal
